github.com/google/uuid v1.0.0 h1:b4Gk+7WdP/d3HZH8EJsZpvV7EtDOgaZLtnaNGIu1adA=
github.com/google/uuid v1.0.0/go.mod h1:TIyPZe4MgqvfeYDBFedMoGGpEw/LqOeaOT+nhxU+yHo=
github.com/goombaio/dag v0.0.0-20180924082657-0d59f145a095 h1:+Le775mV8D/8b+koUP3Iy/By+HG3B4OCWTuXJZCocUU=
github.com/goombaio/dag v0.0.0-20180924082657-0d59f145a095/go.mod h1:YCjlOd8SjppWQsJGYTq+l0mAzyJCKbVEFiLst6AfDaQ=
github.com/goombaio/orderedmap v0.0.0-20180919235155-bc5581d0235c h1:bgCr71mVazVdPGGIH+uhgNME8oyjgO0VpGDAvrOVgNw=
github.com/goombaio/orderedmap v0.0.0-20180919235155-bc5581d0235c/go.mod h1:YKu81H3RSd1cFh0d7NhvUoTtUC9IY/vBX0WUQb1/o4Y=
github.com/goombaio/orderedset v0.0.0-20180924055548-4f42f16ea536 h1:MSCJ+8QIi1GMrmZj2e09YZZij8rv3xVYZM82x1WKsWA=
github.com/goombaio/orderedset v0.0.0-20180924055548-4f42f16ea536/go.mod h1:6oeyMssEjbCGe1BCbSckd6C1TYxeP5Cgp8BoKejycj0=
